
Microsoft Visual Studio Solution File, Format Version 12.00
# Visual Studio Version 16
VisualStudioVersion = 16.0.29905.134
MinimumVisualStudioVersion = 10.0.40219.1
Project("{FAE04EC0-301F-11D3-BF4B-00C04F79EFBC}") = "AbstractUniversity", "AbstractUniversity\AbstractUniversity.csproj", "{2A69717E-5010-4614-8D9C-2012846BFBCA}"
EndProject
Project("{FAE04EC0-301F-11D3-BF4B-00C04F79EFBC}") = "AbstractUniversityBusinessLogic", "AbstractUniversityBusinessLogic\AbstractUniversityBusinessLogic.csproj", "{7E0F0E57-3FB4-474B-B36A-324D4D28CA40}"
EndProject
Global
	GlobalSection(SolutionConfigurationPlatforms) = preSolution
		Debug|Any CPU = Debug|Any CPU
		Release|Any CPU = Release|Any CPU
	EndGlobalSection
	GlobalSection(ProjectConfigurationPlatforms) = postSolution
		{2A69717E-5010-4614-8D9C-2012846BFBCA}.Debug|Any CPU.ActiveCfg = Debug|Any CPU
		{2A69717E-5010-4614-8D9C-2012846BFBCA}.Debug|Any CPU.Build.0 = Debug|Any CPU
		{2A69717E-5010-4614-8D9C-2012846BFBCA}.Release|Any CPU.ActiveCfg = Release|Any CPU
		{2A69717E-5010-4614-8D9C-2012846BFBCA}.Release|Any CPU.Build.0 = Release|Any CPU
		{7E0F0E57-3FB4-474B-B36A-324D4D28CA40}.Debug|Any CPU.ActiveCfg = Debug|Any CPU
		{7E0F0E57-3FB4-474B-B36A-324D4D28CA40}.Debug|Any CPU.Build.0 = Debug|Any CPU
		{7E0F0E57-3FB4-474B-B36A-324D4D28CA40}.Release|Any CPU.ActiveCfg = Release|Any CPU
		{7E0F0E57-3FB4-474B-B36A-324D4D28CA40}.Release|Any CPU.Build.0 = Release|Any CPU
	EndGlobalSection
	GlobalSection(SolutionProperties) = preSolution
		HideSolutionNode = FALSE
	EndGlobalSection
	GlobalSection(ExtensibilityGlobals) = postSolution
		SolutionGuid = {24206053-E490-405B-A459-268C851D3A0D}
	EndGlobalSection
EndGlobal
